
Microsoft Visual Studio Solution File, Format Version 12.00
# Visual Studio Version 17
VisualStudioVersion = 17.14.37111.16
MinimumVisualStudioVersion = 10.0.40219.1
Project("{FAE04EC0-301F-11D3-BF4B-00C04F79EFBC}") = "ScopeSkyCafeteria", "ScopeSkyCafeteria\ScopeSkyCafeteria.csproj", "{1EC19C81-4F5D-4028-B670-F2F312ADBBD4}"
EndProject
Global
	GlobalSection(SolutionConfigurationPlatforms) = preSolution
		Debug|Any CPU = Debug|Any CPU
		Release|Any CPU = Release|Any CPU
	EndGlobalSection
	GlobalSection(ProjectConfigurationPlatforms) = postSolution
		{1EC19C81-4F5D-4028-B670-F2F312ADBBD4}.Debug|Any CPU.ActiveCfg = Debug|Any CPU
		{1EC19C81-4F5D-4028-B670-F2F312ADBBD4}.Debug|Any CPU.Build.0 = Debug|Any CPU
		{1EC19C81-4F5D-4028-B670-F2F312ADBBD4}.Release|Any CPU.ActiveCfg = Release|Any CPU
		{1EC19C81-4F5D-4028-B670-F2F312ADBBD4}.Release|Any CPU.Build.0 = Release|Any CPU
	EndGlobalSection
	GlobalSection(SolutionProperties) = preSolution
		HideSolutionNode = FALSE
	EndGlobalSection
	GlobalSection(ExtensibilityGlobals) = postSolution
		SolutionGuid = {849864F4-4367-4686-ACF5-EB5C06FE8D66}
	EndGlobalSection
EndGlobal
